
Microsoft Visual Studio Solution File, Format Version 12.00
# Visual Studio Version 16
VisualStudioVersion = 16.0.809.7
MinimumVisualStudioVersion = 10.0.40219.1
Project("{FAE04EC0-301F-11D3-BF4B-00C04F79EFBC}") = "MyApp", "MyApp.csproj", "{1FC7AE68-8C2F-4633-9A8E-540CB636337B}"
EndProject
Global
	GlobalSection(SolutionConfigurationPlatforms) = preSolution
		Debug|Any CPU = Debug|Any CPU
		Release|Any CPU = Release|Any CPU
	EndGlobalSection
	GlobalSection(ProjectConfigurationPlatforms) = postSolution
		{1FC7AE68-8C2F-4633-9A8E-540CB636337B}.Debug|Any CPU.ActiveCfg = Debug|Any CPU
		{1FC7AE68-8C2F-4633-9A8E-540CB636337B}.Debug|Any CPU.Build.0 = Debug|Any CPU
		{1FC7AE68-8C2F-4633-9A8E-540CB636337B}.Release|Any CPU.ActiveCfg = Release|Any CPU
		{1FC7AE68-8C2F-4633-9A8E-540CB636337B}.Release|Any CPU.Build.0 = Release|Any CPU
	EndGlobalSection
	GlobalSection(SolutionProperties) = preSolution
		HideSolutionNode = FALSE
	EndGlobalSection
	GlobalSection(ExtensibilityGlobals) = postSolution
		SolutionGuid = {0C8CFFF4-75F2-414D-AF3B-9C976262B9C8}
	EndGlobalSection
EndGlobal
